
Microsoft Visual Studio Solution File, Format Version 12.00
# Visual Studio Version 17
VisualStudioVersion = 17.0.31919.166
MinimumVisualStudioVersion = 10.0.40219.1
Project("{FAE04EC0-301F-11D3-BF4B-00C04F79EFBC}") = "Hello", "Hello\Hello.csproj", "{1B711AF0-C745-4645-89BB-90428F2CBBC6}"
EndProject
Global
	GlobalSection(SolutionConfigurationPlatforms) = preSolution
		Debug|Any CPU = Debug|Any CPU
		Release|Any CPU = Release|Any CPU
	EndGlobalSection
	GlobalSection(ProjectConfigurationPlatforms) = postSolution
		{1B711AF0-C745-4645-89BB-90428F2CBBC6}.Debug|Any CPU.ActiveCfg = Debug|Any CPU
		{1B711AF0-C745-4645-89BB-90428F2CBBC6}.Debug|Any CPU.Build.0 = Debug|Any CPU
		{1B711AF0-C745-4645-89BB-90428F2CBBC6}.Release|Any CPU.ActiveCfg = Release|Any CPU
		{1B711AF0-C745-4645-89BB-90428F2CBBC6}.Release|Any CPU.Build.0 = Release|Any CPU
	EndGlobalSection
	GlobalSection(SolutionProperties) = preSolution
		HideSolutionNode = FALSE
	EndGlobalSection
	GlobalSection(ExtensibilityGlobals) = postSolution
		SolutionGuid = {EDFBF209-811E-41DC-B0D1-894836CB6E8E}
	EndGlobalSection
EndGlobal
